{
  "name": "coins-collector",
  "version": "1.0.0",
  "lockfileVersion": 2,
  "requires": true,
  "packages": {
    "": {
      "name": "coins-collector",
      "version": "1.0.0",
      "devDependencies": {
        "@types/node": "^16"
      }
    },
    "node_modules/@types/node": {
      "version": "16.18.38",
      "resolved": "https://registry.npmjs.org/@types/node/-/node-16.18.38.tgz",
      "integrity": "sha512-6sfo1qTulpVbkxECP+AVrHV9OoJqhzCsfTNp5NIG+enM4HyM3HvZCO798WShIXBN0+QtDIcutJCjsVYnQP5rIQ==",
      "dev": true
    }
  },
  "dependencies": {
    "@types/node": {
      "version": "16.18.38",
      "resolved": "https://registry.npmjs.org/@types/node/-/node-16.18.38.tgz",
      "integrity": "sha512-6sfo1qTulpVbkxECP+AVrHV9OoJqhzCsfTNp5NIG+enM4HyM3HvZCO798WShIXBN0+QtDIcutJCjsVYnQP5rIQ==",
      "dev": true
    }
  }
}
